
Microsoft Visual Studio Solution File, Format Version 12.00
# Visual Studio Version 16
VisualStudioVersion = 16.0.32106.194
MinimumVisualStudioVersion = 10.0.40219.1
Project("{FAE04EC0-301F-11D3-BF4B-00C04F79EFBC}") = "WindowsFormsApp4", "WindowsFormsApp4\WindowsFormsApp4.csproj", "{17AFD4D5-6726-46D6-A9DC-7F3B78EFC48E}"
EndProject
Global
	GlobalSection(SolutionConfigurationPlatforms) = preSolution
		Debug|Any CPU = Debug|Any CPU
		Release|Any CPU = Release|Any CPU
	EndGlobalSection
	GlobalSection(ProjectConfigurationPlatforms) = postSolution
		{17AFD4D5-6726-46D6-A9DC-7F3B78EFC48E}.Debug|Any CPU.ActiveCfg = Debug|Any CPU
		{17AFD4D5-6726-46D6-A9DC-7F3B78EFC48E}.Debug|Any CPU.Build.0 = Debug|Any CPU
		{17AFD4D5-6726-46D6-A9DC-7F3B78EFC48E}.Release|Any CPU.ActiveCfg = Release|Any CPU
		{17AFD4D5-6726-46D6-A9DC-7F3B78EFC48E}.Release|Any CPU.Build.0 = Release|Any CPU
	EndGlobalSection
	GlobalSection(SolutionProperties) = preSolution
		HideSolutionNode = FALSE
	EndGlobalSection
	GlobalSection(ExtensibilityGlobals) = postSolution
		SolutionGuid = {E0587D06-51BC-42CA-9306-007DDA19C661}
	EndGlobalSection
EndGlobal
